PODS:
  - RxCocoa (6.0.0):
    - RxRelay (= 6.0.0)
    - RxSwift (= 6.0.0)
  - RxRelay (6.0.0):
    - RxSwift (= 6.0.0)
  - RxSwift (6.0.0)
  - SimpleButton (4.0.1)
  - SnapKit (5.0.1)

DEPENDENCIES:
  - RxCocoa
  - RxSwift
  - SimpleButton
  - SnapKit

SPEC REPOS:
  https://github.com/CocoaPods/Specs.git:
    - RxCocoa
    - RxRelay
    - RxSwift
    - SimpleButton
    - SnapKit

SPEC CHECKSUMS:
  RxCocoa: 3f79328fafa3645b34600f37c31e64c73ae3a80e
  RxRelay: 8d593be109c06ea850df027351beba614b012ffb
  RxSwift: c14e798c59b9f6e9a2df8fd235602e85cc044295
  SimpleButton: 2d1696c628bea9ea6a7eeb2081650564ac701cb9
  SnapKit: 97b92857e3df3a0c71833cce143274bf6ef8e5eb

PODFILE CHECKSUM: 0cdb88c0feffb5f3cd0707d0b819634336eee52e

COCOAPODS: 1.10.0
