PODS:
  - RxAtomic (4.4.0)
  - RxCocoa (4.4.0):
    - RxSwift (~> 4.0)
  - RxSwift (4.4.0):
    - RxAtomic (~> 4.4)
  - SimpleButton (4.0.1)
  - SnapKit (4.2.0)

DEPENDENCIES:
  - RxCocoa
  - RxSwift
  - SimpleButton
  - SnapKit

SPEC REPOS:
  https://github.com/cocoapods/specs.git:
    - RxAtomic
    - RxCocoa
    - RxSwift
    - SimpleButton
    - SnapKit

SPEC CHECKSUMS:
  RxAtomic: eacf60db868c96bfd63320e28619fe29c179656f
  RxCocoa: df63ebf7b9a70d6b4eeea407ed5dd4efc8979749
  RxSwift: 5976ecd04fc2fefd648827c23de5e11157faa973
  SimpleButton: 2d1696c628bea9ea6a7eeb2081650564ac701cb9
  SnapKit: fe8a619752f3f27075cc9a90244d75c6c3f27e2a

PODFILE CHECKSUM: ae5fd249f8facad5e26b5eb2bc66c358a66232db

COCOAPODS: 1.5.3
