// !$*UTF8*$!
{
	archiveVersion = 1;
	classes = {
	};
	objectVersion = 51;
	objects = {

/* Begin PBXBuildFile section */
		6582022A5828FC1762CFEE40 /* Pods_CoordinatorExperiment.framework in Frameworks */ = {isa = PBXBuildFile; fileRef = 1CE0085515CB6BF427B8E525 /* Pods_CoordinatorExperiment.framework */; };
		6EE5D3A07AE17C2C0FD6153F /* Pods_CoordinatorExperimentTests.framework in Frameworks */ = {isa = PBXBuildFile; fileRef = E5D08A3073A01BA5AA7D1380 /* Pods_CoordinatorExperimentTests.framework */; };
		E80FF564229D848D0078E545 /* ControllerCoordinator.swift in Sources */ = {isa = PBXBuildFile; fileRef = E80FF563229D848D0078E545 /* ControllerCoordinator.swift */; };
		E80FF566229D84990078E545 /* ControllerRouter.swift in Sources */ = {isa = PBXBuildFile; fileRef = E80FF565229D84990078E545 /* ControllerRouter.swift */; };
		E80FF568229D85DD0078E545 /* ControllerFlowCoordinator.swift in Sources */ = {isa = PBXBuildFile; fileRef = E80FF567229D85DD0078E545 /* ControllerFlowCoordinator.swift */; };
		E83698EC21F094FF007D4A05 /* AppDelegate.swift in Sources */ = {isa = PBXBuildFile; fileRef = E83698EB21F094FF007D4A05 /* AppDelegate.swift */; };
		E83698F121F094FF007D4A05 /* Main.storyboard in Resources */ = {isa = PBXBuildFile; fileRef = E83698EF21F094FF007D4A05 /* Main.storyboard */; };
		E83698F321F09501007D4A05 /* Assets.xcassets in Resources */ = {isa = PBXBuildFile; fileRef = E83698F221F09501007D4A05 /* Assets.xcassets */; };
		E83698F621F09501007D4A05 /* LaunchScreen.storyboard in Resources */ = {isa = PBXBuildFile; fileRef = E83698F421F09501007D4A05 /* LaunchScreen.storyboard */; };
		E836990121F09501007D4A05 /* CoordinatorExperimentTests.swift in Sources */ = {isa = PBXBuildFile; fileRef = E836990021F09501007D4A05 /* CoordinatorExperimentTests.swift */; };
		E836994F21F0E460007D4A05 /* RxViewModelPorotocol.swift in Sources */ = {isa = PBXBuildFile; fileRef = E836994E21F0E460007D4A05 /* RxViewModelPorotocol.swift */; };
		E836996121F0E571007D4A05 /* AppCoordinator.swift in Sources */ = {isa = PBXBuildFile; fileRef = E836995D21F0E570007D4A05 /* AppCoordinator.swift */; };
		E84FA31121FDAE61006A6705 /* PTSans.ttc in Resources */ = {isa = PBXBuildFile; fileRef = E84FA31021FDAE61006A6705 /* PTSans.ttc */; };
		E84FA31321FDAE92006A6705 /* Theme.swift in Sources */ = {isa = PBXBuildFile; fileRef = E84FA31221FDAE92006A6705 /* Theme.swift */; };
		E84FA31621FDB554006A6705 /* PerfectButton.swift in Sources */ = {isa = PBXBuildFile; fileRef = E84FA31521FDB554006A6705 /* PerfectButton.swift */; };
		E853AC8D2291EC7B00B86553 /* WindowRouter.swift in Sources */ = {isa = PBXBuildFile; fileRef = E853AC8C2291EC7B00B86553 /* WindowRouter.swift */; };
		E853AC8F2291ED4500B86553 /* LirikaRootContaierType.swift in Sources */ = {isa = PBXBuildFile; fileRef = E853AC8E2291ED4500B86553 /* LirikaRootContaierType.swift */; };
		E853AC912291F33500B86553 /* OptionFlowCoordinator.swift in Sources */ = {isa = PBXBuildFile; fileRef = E853AC902291F33500B86553 /* OptionFlowCoordinator.swift */; };
		E86C8D42228EB6460090E9FD /* WindowCoordinator.swift in Sources */ = {isa = PBXBuildFile; fileRef = E86C8D41228EB6460090E9FD /* WindowCoordinator.swift */; };
		E88109EF229406020055B9B4 /* PageCoordinator.swift in Sources */ = {isa = PBXBuildFile; fileRef = E88109EE229406020055B9B4 /* PageCoordinator.swift */; };
		E88109F1229406120055B9B4 /* PageRouter.swift in Sources */ = {isa = PBXBuildFile; fileRef = E88109F0229406120055B9B4 /* PageRouter.swift */; };
		E88109F32294072E0055B9B4 /* PageFlowCoordinator.swift in Sources */ = {isa = PBXBuildFile; fileRef = E88109F22294072E0055B9B4 /* PageFlowCoordinator.swift */; };
		E88109F622940A500055B9B4 /* PageViewController.swift in Sources */ = {isa = PBXBuildFile; fileRef = E88109F522940A500055B9B4 /* PageViewController.swift */; };
		E88109F822940A5B0055B9B4 /* PageView.swift in Sources */ = {isa = PBXBuildFile; fileRef = E88109F722940A5B0055B9B4 /* PageView.swift */; };
		E8E7FA6922799E2A00B62CA1 /* TabBarFlowCoordinator.swift in Sources */ = {isa = PBXBuildFile; fileRef = E8E7FA6822799E2A00B62CA1 /* TabBarFlowCoordinator.swift */; };
		E8E7FA6C2279A2C700B62CA1 /* OptionsViewController.swift in Sources */ = {isa = PBXBuildFile; fileRef = E8E7FA6B2279A2C700B62CA1 /* OptionsViewController.swift */; };
		E8E7FA6E2279A32E00B62CA1 /* OptionsView.swift in Sources */ = {isa = PBXBuildFile; fileRef = E8E7FA6D2279A32E00B62CA1 /* OptionsView.swift */; };
		E8E7FA712279A79B00B62CA1 /* ControllerInOutProtocol.swift in Sources */ = {isa = PBXBuildFile; fileRef = E8E7FA702279A79B00B62CA1 /* ControllerInOutProtocol.swift */; };
		E8E7FA742279C64300B62CA1 /* ButtonsViewController.swift in Sources */ = {isa = PBXBuildFile; fileRef = E8E7FA732279C64300B62CA1 /* ButtonsViewController.swift */; };
		E8E7FA762279C65200B62CA1 /* ButtonsView.swift in Sources */ = {isa = PBXBuildFile; fileRef = E8E7FA752279C65200B62CA1 /* ButtonsView.swift */; };
		E8E7FA78227A2F0A00B62CA1 /* NavFlowCoordinator.swift in Sources */ = {isa = PBXBuildFile; fileRef = E8E7FA77227A2F0A00B62CA1 /* NavFlowCoordinator.swift */; };
		E8E7FA7B227AE22200B62CA1 /* NavExitTabFlowCoordinator.swift in Sources */ = {isa = PBXBuildFile; fileRef = E8E7FA7A227AE22200B62CA1 /* NavExitTabFlowCoordinator.swift */; };
		E8E7FA7D227AF63500B62CA1 /* NavModalFlowCoordinator.swift in Sources */ = {isa = PBXBuildFile; fileRef = E8E7FA7C227AF63500B62CA1 /* NavModalFlowCoordinator.swift */; };
		E8FA376922808B1F0099BE76 /* Presentable.swift in Sources */ = {isa = PBXBuildFile; fileRef = E8FA376122808B1F0099BE76 /* Presentable.swift */; };
		E8FA376A22808B1F0099BE76 /* TabBarCoordinator.swift in Sources */ = {isa = PBXBuildFile; fileRef = E8FA376322808B1F0099BE76 /* TabBarCoordinator.swift */; };
		E8FA376B22808B1F0099BE76 /* NavigationCoordinator.swift in Sources */ = {isa = PBXBuildFile; fileRef = E8FA376422808B1F0099BE76 /* NavigationCoordinator.swift */; };
		E8FA376C22808B1F0099BE76 /* Router.swift in Sources */ = {isa = PBXBuildFile; fileRef = E8FA376522808B1F0099BE76 /* Router.swift */; };
		E8FA376D22808B1F0099BE76 /* Coordinatorable.swift in Sources */ = {isa = PBXBuildFile; fileRef = E8FA376622808B1F0099BE76 /* Coordinatorable.swift */; };
		E8FA376E22808B1F0099BE76 /* Coordinator.swift in Sources */ = {isa = PBXBuildFile; fileRef = E8FA376722808B1F0099BE76 /* Coordinator.swift */; };
		E8FA377122808BE60099BE76 /* TabBarRouter.swift in Sources */ = {isa = PBXBuildFile; fileRef = E8FA377022808BE60099BE76 /* TabBarRouter.swift */; };
		E8FA377422808C370099BE76 /* NavigationRouter.swift in Sources */ = {isa = PBXBuildFile; fileRef = E8FA377322808C370099BE76 /* NavigationRouter.swift */; };
/* End PBXBuildFile section */

/* Begin PBXContainerItemProxy section */
		E83698FD21F09501007D4A05 /* PBXContainerItemProxy */ = {
			isa = PBXContainerItemProxy;
			containerPortal = E83698E021F094FF007D4A05 /* Project object */;
			proxyType = 1;
			remoteGlobalIDString = E83698E721F094FF007D4A05;
			remoteInfo = CoordinatorExperiment;
		};
/* End PBXContainerItemProxy section */

/* Begin PBXFileReference section */
		1CE0085515CB6BF427B8E525 /* Pods_CoordinatorExperiment.framework */ = {isa = PBXFileReference; explicitFileType = wrapper.framework; includeInIndex = 0; path = Pods_CoordinatorExperiment.framework; sourceTree = BUILT_PRODUCTS_DIR; };
		7F4782332F46E8C7F5FA47E4 /* Pods-CoordinatorExperiment.release.xcconfig */ = {isa = PBXFileReference; includeInIndex = 1; lastKnownFileType = text.xcconfig; name = "Pods-CoordinatorExperiment.release.xcconfig"; path = "Pods/Target Support Files/Pods-CoordinatorExperiment/Pods-CoordinatorExperiment.release.xcconfig"; sourceTree = "<group>"; };
		82B861FD670301A7538C248A /* Pods-CoordinatorExperimentTests.debug.xcconfig */ = {isa = PBXFileReference; includeInIndex = 1; lastKnownFileType = text.xcconfig; name = "Pods-CoordinatorExperimentTests.debug.xcconfig"; path = "Pods/Target Support Files/Pods-CoordinatorExperimentTests/Pods-CoordinatorExperimentTests.debug.xcconfig"; sourceTree = "<group>"; };
		BA3D913C7C17CDA0AA85F202 /* Pods-CoordinatorExperimentTests.release.xcconfig */ = {isa = PBXFileReference; includeInIndex = 1; lastKnownFileType = text.xcconfig; name = "Pods-CoordinatorExperimentTests.release.xcconfig"; path = "Pods/Target Support Files/Pods-CoordinatorExperimentTests/Pods-CoordinatorExperimentTests.release.xcconfig"; sourceTree = "<group>"; };
		E5D08A3073A01BA5AA7D1380 /* Pods_CoordinatorExperimentTests.framework */ = {isa = PBXFileReference; explicitFileType = wrapper.framework; includeInIndex = 0; path = Pods_CoordinatorExperimentTests.framework; sourceTree = BUILT_PRODUCTS_DIR; };
		E80FF563229D848D0078E545 /* ControllerCoordinator.swift */ = {isa = PBXFileReference; lastKnownFileType = sourcecode.swift; path = ControllerCoordinator.swift; sourceTree = "<group>"; };
		E80FF565229D84990078E545 /* ControllerRouter.swift */ = {isa = PBXFileReference; lastKnownFileType = sourcecode.swift; path = ControllerRouter.swift; sourceTree = "<group>"; };
		E80FF567229D85DD0078E545 /* ControllerFlowCoordinator.swift */ = {isa = PBXFileReference; lastKnownFileType = sourcecode.swift; path = ControllerFlowCoordinator.swift; sourceTree = "<group>"; };
		E83698E821F094FF007D4A05 /* CoordinatorExperiment.app */ = {isa = PBXFileReference; explicitFileType = wrapper.application; includeInIndex = 0; path = CoordinatorExperiment.app; sourceTree = BUILT_PRODUCTS_DIR; };
		E83698EB21F094FF007D4A05 /* AppDelegate.swift */ = {isa = PBXFileReference; lastKnownFileType = sourcecode.swift; path = AppDelegate.swift; sourceTree = "<group>"; };
		E83698F021F094FF007D4A05 /* Base */ = {isa = PBXFileReference; lastKnownFileType = file.storyboard; name = Base; path = Base.lproj/Main.storyboard; sourceTree = "<group>"; };
		E83698F221F09501007D4A05 /* Assets.xcassets */ = {isa = PBXFileReference; lastKnownFileType = folder.assetcatalog; path = Assets.xcassets; sourceTree = "<group>"; };
		E83698F521F09501007D4A05 /* Base */ = {isa = PBXFileReference; lastKnownFileType = file.storyboard; name = Base; path = Base.lproj/LaunchScreen.storyboard; sourceTree = "<group>"; };
		E83698F721F09501007D4A05 /* Info.plist */ = {isa = PBXFileReference; lastKnownFileType = text.plist.xml; path = Info.plist; sourceTree = "<group>"; };
		E83698FC21F09501007D4A05 /* CoordinatorExperimentTests.xctest */ = {isa = PBXFileReference; explicitFileType = wrapper.cfbundle; includeInIndex = 0; path = CoordinatorExperimentTests.xctest; sourceTree = BUILT_PRODUCTS_DIR; };
		E836990021F09501007D4A05 /* CoordinatorExperimentTests.swift */ = {isa = PBXFileReference; lastKnownFileType = sourcecode.swift; path = CoordinatorExperimentTests.swift; sourceTree = "<group>"; };
		E836990221F09501007D4A05 /* Info.plist */ = {isa = PBXFileReference; lastKnownFileType = text.plist.xml; path = Info.plist; sourceTree = "<group>"; };
		E836994E21F0E460007D4A05 /* RxViewModelPorotocol.swift */ = {isa = PBXFileReference; fileEncoding = 4; lastKnownFileType = sourcecode.swift; path = RxViewModelPorotocol.swift; sourceTree = "<group>"; };
		E836995D21F0E570007D4A05 /* AppCoordinator.swift */ = {isa = PBXFileReference; fileEncoding = 4; lastKnownFileType = sourcecode.swift; path = AppCoordinator.swift; sourceTree = "<group>"; };
		E84FA31021FDAE61006A6705 /* PTSans.ttc */ = {isa = PBXFileReference; lastKnownFileType = file; path = PTSans.ttc; sourceTree = "<group>"; };
		E84FA31221FDAE92006A6705 /* Theme.swift */ = {isa = PBXFileReference; lastKnownFileType = sourcecode.swift; path = Theme.swift; sourceTree = "<group>"; };
		E84FA31521FDB554006A6705 /* PerfectButton.swift */ = {isa = PBXFileReference; lastKnownFileType = sourcecode.swift; path = PerfectButton.swift; sourceTree = "<group>"; };
		E853AC8C2291EC7B00B86553 /* WindowRouter.swift */ = {isa = PBXFileReference; lastKnownFileType = sourcecode.swift; path = WindowRouter.swift; sourceTree = "<group>"; };
		E853AC8E2291ED4500B86553 /* LirikaRootContaierType.swift */ = {isa = PBXFileReference; lastKnownFileType = sourcecode.swift; path = LirikaRootContaierType.swift; sourceTree = "<group>"; };
		E853AC902291F33500B86553 /* OptionFlowCoordinator.swift */ = {isa = PBXFileReference; lastKnownFileType = sourcecode.swift; path = OptionFlowCoordinator.swift; sourceTree = "<group>"; };
		E86C8D41228EB6460090E9FD /* WindowCoordinator.swift */ = {isa = PBXFileReference; lastKnownFileType = sourcecode.swift; path = WindowCoordinator.swift; sourceTree = "<group>"; };
		E88109EE229406020055B9B4 /* PageCoordinator.swift */ = {isa = PBXFileReference; lastKnownFileType = sourcecode.swift; path = PageCoordinator.swift; sourceTree = "<group>"; };
		E88109F0229406120055B9B4 /* PageRouter.swift */ = {isa = PBXFileReference; lastKnownFileType = sourcecode.swift; path = PageRouter.swift; sourceTree = "<group>"; };
		E88109F22294072E0055B9B4 /* PageFlowCoordinator.swift */ = {isa = PBXFileReference; lastKnownFileType = sourcecode.swift; path = PageFlowCoordinator.swift; sourceTree = "<group>"; };
		E88109F522940A500055B9B4 /* PageViewController.swift */ = {isa = PBXFileReference; lastKnownFileType = sourcecode.swift; path = PageViewController.swift; sourceTree = "<group>"; };
		E88109F722940A5B0055B9B4 /* PageView.swift */ = {isa = PBXFileReference; lastKnownFileType = sourcecode.swift; path = PageView.swift; sourceTree = "<group>"; };
		E8E7FA6822799E2A00B62CA1 /* TabBarFlowCoordinator.swift */ = {isa = PBXFileReference; lastKnownFileType = sourcecode.swift; path = TabBarFlowCoordinator.swift; sourceTree = "<group>"; };
		E8E7FA6B2279A2C700B62CA1 /* OptionsViewController.swift */ = {isa = PBXFileReference; lastKnownFileType = sourcecode.swift; path = OptionsViewController.swift; sourceTree = "<group>"; };
		E8E7FA6D2279A32E00B62CA1 /* OptionsView.swift */ = {isa = PBXFileReference; lastKnownFileType = sourcecode.swift; path = OptionsView.swift; sourceTree = "<group>"; };
		E8E7FA702279A79B00B62CA1 /* ControllerInOutProtocol.swift */ = {isa = PBXFileReference; lastKnownFileType = sourcecode.swift; path = ControllerInOutProtocol.swift; sourceTree = "<group>"; };
		E8E7FA732279C64300B62CA1 /* ButtonsViewController.swift */ = {isa = PBXFileReference; lastKnownFileType = sourcecode.swift; path = ButtonsViewController.swift; sourceTree = "<group>"; };
		E8E7FA752279C65200B62CA1 /* ButtonsView.swift */ = {isa = PBXFileReference; lastKnownFileType = sourcecode.swift; path = ButtonsView.swift; sourceTree = "<group>"; };
		E8E7FA77227A2F0A00B62CA1 /* NavFlowCoordinator.swift */ = {isa = PBXFileReference; lastKnownFileType = sourcecode.swift; path = NavFlowCoordinator.swift; sourceTree = "<group>"; };
		E8E7FA7A227AE22200B62CA1 /* NavExitTabFlowCoordinator.swift */ = {isa = PBXFileReference; lastKnownFileType = sourcecode.swift; path = NavExitTabFlowCoordinator.swift; sourceTree = "<group>"; };
		E8E7FA7C227AF63500B62CA1 /* NavModalFlowCoordinator.swift */ = {isa = PBXFileReference; lastKnownFileType = sourcecode.swift; path = NavModalFlowCoordinator.swift; sourceTree = "<group>"; };
		E8FA376122808B1F0099BE76 /* Presentable.swift */ = {isa = PBXFileReference; fileEncoding = 4; lastKnownFileType = sourcecode.swift; path = Presentable.swift; sourceTree = "<group>"; };
		E8FA376322808B1F0099BE76 /* TabBarCoordinator.swift */ = {isa = PBXFileReference; fileEncoding = 4; lastKnownFileType = sourcecode.swift; path = TabBarCoordinator.swift; sourceTree = "<group>"; };
		E8FA376422808B1F0099BE76 /* NavigationCoordinator.swift */ = {isa = PBXFileReference; fileEncoding = 4; lastKnownFileType = sourcecode.swift; path = NavigationCoordinator.swift; sourceTree = "<group>"; };
		E8FA376522808B1F0099BE76 /* Router.swift */ = {isa = PBXFileReference; fileEncoding = 4; lastKnownFileType = sourcecode.swift; path = Router.swift; sourceTree = "<group>"; };
		E8FA376622808B1F0099BE76 /* Coordinatorable.swift */ = {isa = PBXFileReference; fileEncoding = 4; lastKnownFileType = sourcecode.swift; path = Coordinatorable.swift; sourceTree = "<group>"; };
		E8FA376722808B1F0099BE76 /* Coordinator.swift */ = {isa = PBXFileReference; fileEncoding = 4; lastKnownFileType = sourcecode.swift; path = Coordinator.swift; sourceTree = "<group>"; };
		E8FA377022808BE60099BE76 /* TabBarRouter.swift */ = {isa = PBXFileReference; lastKnownFileType = sourcecode.swift; path = TabBarRouter.swift; sourceTree = "<group>"; };
		E8FA377322808C370099BE76 /* NavigationRouter.swift */ = {isa = PBXFileReference; lastKnownFileType = sourcecode.swift; path = NavigationRouter.swift; sourceTree = "<group>"; };
		FA046313C6C589AD4D7303DE /* Pods-CoordinatorExperiment.debug.xcconfig */ = {isa = PBXFileReference; includeInIndex = 1; lastKnownFileType = text.xcconfig; name = "Pods-CoordinatorExperiment.debug.xcconfig"; path = "Pods/Target Support Files/Pods-CoordinatorExperiment/Pods-CoordinatorExperiment.debug.xcconfig"; sourceTree = "<group>"; };
/* End PBXFileReference section */

/* Begin PBXFrameworksBuildPhase section */
		E83698E521F094FF007D4A05 /* Frameworks */ = {
			isa = PBXFrameworksBuildPhase;
			buildActionMask = 2147483647;
			files = (
				6582022A5828FC1762CFEE40 /* Pods_CoordinatorExperiment.framework in Frameworks */,
			);
			runOnlyForDeploymentPostprocessing = 0;
		};
		E83698F921F09501007D4A05 /* Frameworks */ = {
			isa = PBXFrameworksBuildPhase;
			buildActionMask = 2147483647;
			files = (
				6EE5D3A07AE17C2C0FD6153F /* Pods_CoordinatorExperimentTests.framework in Frameworks */,
			);
			runOnlyForDeploymentPostprocessing = 0;
		};
/* End PBXFrameworksBuildPhase section */

/* Begin PBXGroup section */
		252BD4FDC8DAAAEE0D9A7E72 /* Frameworks */ = {
			isa = PBXGroup;
			children = (
				1CE0085515CB6BF427B8E525 /* Pods_CoordinatorExperiment.framework */,
				E5D08A3073A01BA5AA7D1380 /* Pods_CoordinatorExperimentTests.framework */,
			);
			name = Frameworks;
			sourceTree = "<group>";
		};
		E5C0A6C758585BEC972E2327 /* Pods */ = {
			isa = PBXGroup;
			children = (
				FA046313C6C589AD4D7303DE /* Pods-CoordinatorExperiment.debug.xcconfig */,
				7F4782332F46E8C7F5FA47E4 /* Pods-CoordinatorExperiment.release.xcconfig */,
				82B861FD670301A7538C248A /* Pods-CoordinatorExperimentTests.debug.xcconfig */,
				BA3D913C7C17CDA0AA85F202 /* Pods-CoordinatorExperimentTests.release.xcconfig */,
			);
			name = Pods;
			sourceTree = "<group>";
		};
		E80FF562229D847E0078E545 /* controller */ = {
			isa = PBXGroup;
			children = (
				E80FF563229D848D0078E545 /* ControllerCoordinator.swift */,
				E80FF565229D84990078E545 /* ControllerRouter.swift */,
			);
			path = controller;
			sourceTree = "<group>";
		};
		E83698DF21F094FF007D4A05 = {
			isa = PBXGroup;
			children = (
				E83698EA21F094FF007D4A05 /* CoordinatorExperiment */,
				E83698FF21F09501007D4A05 /* CoordinatorExperimentTests */,
				E83698E921F094FF007D4A05 /* Products */,
				E5C0A6C758585BEC972E2327 /* Pods */,
				252BD4FDC8DAAAEE0D9A7E72 /* Frameworks */,
			);
			sourceTree = "<group>";
		};
		E83698E921F094FF007D4A05 /* Products */ = {
			isa = PBXGroup;
			children = (
				E83698E821F094FF007D4A05 /* CoordinatorExperiment.app */,
				E83698FC21F09501007D4A05 /* CoordinatorExperimentTests.xctest */,
			);
			name = Products;
			sourceTree = "<group>";
		};
		E83698EA21F094FF007D4A05 /* CoordinatorExperiment */ = {
			isa = PBXGroup;
			children = (
				E8FA375F22808B1F0099BE76 /* sources */,
				E836995B21F0E555007D4A05 /* coordinators */,
				E836994C21F0E452007D4A05 /* common */,
				E836990E21F096CC007D4A05 /* modules */,
				E83698EB21F094FF007D4A05 /* AppDelegate.swift */,
				E83698EF21F094FF007D4A05 /* Main.storyboard */,
				E83698F221F09501007D4A05 /* Assets.xcassets */,
				E83698F421F09501007D4A05 /* LaunchScreen.storyboard */,
				E83698F721F09501007D4A05 /* Info.plist */,
			);
			path = CoordinatorExperiment;
			sourceTree = "<group>";
		};
		E83698FF21F09501007D4A05 /* CoordinatorExperimentTests */ = {
			isa = PBXGroup;
			children = (
				E836990021F09501007D4A05 /* CoordinatorExperimentTests.swift */,
				E836990221F09501007D4A05 /* Info.plist */,
			);
			path = CoordinatorExperimentTests;
			sourceTree = "<group>";
		};
		E836990E21F096CC007D4A05 /* modules */ = {
			isa = PBXGroup;
			children = (
				E88109F422940A3B0055B9B4 /* page */,
				E8E7FA722279C62B00B62CA1 /* singleButton */,
				E8E7FA6A2279A2B900B62CA1 /* start */,
			);
			path = modules;
			sourceTree = "<group>";
		};
		E836994C21F0E452007D4A05 /* common */ = {
			isa = PBXGroup;
			children = (
				E8E7FA6F2279A77100B62CA1 /* controller */,
				E84FA31421FDB541006A6705 /* components */,
				E84FA30F21FDAE45006A6705 /* font */,
				E836994D21F0E460007D4A05 /* rxmvvm */,
			);
			path = common;
			sourceTree = "<group>";
		};
		E836994D21F0E460007D4A05 /* rxmvvm */ = {
			isa = PBXGroup;
			children = (
				E836994E21F0E460007D4A05 /* RxViewModelPorotocol.swift */,
			);
			path = rxmvvm;
			sourceTree = "<group>";
		};
		E836995B21F0E555007D4A05 /* coordinators */ = {
			isa = PBXGroup;
			children = (
				E836995D21F0E570007D4A05 /* AppCoordinator.swift */,
				E8E7FA6822799E2A00B62CA1 /* TabBarFlowCoordinator.swift */,
				E8E7FA77227A2F0A00B62CA1 /* NavFlowCoordinator.swift */,
				E8E7FA7A227AE22200B62CA1 /* NavExitTabFlowCoordinator.swift */,
				E8E7FA7C227AF63500B62CA1 /* NavModalFlowCoordinator.swift */,
				E853AC902291F33500B86553 /* OptionFlowCoordinator.swift */,
				E88109F22294072E0055B9B4 /* PageFlowCoordinator.swift */,
				E80FF567229D85DD0078E545 /* ControllerFlowCoordinator.swift */,
			);
			path = coordinators;
			sourceTree = "<group>";
		};
		E84FA30F21FDAE45006A6705 /* font */ = {
			isa = PBXGroup;
			children = (
				E84FA31021FDAE61006A6705 /* PTSans.ttc */,
				E84FA31221FDAE92006A6705 /* Theme.swift */,
			);
			path = font;
			sourceTree = "<group>";
		};
		E84FA31421FDB541006A6705 /* components */ = {
			isa = PBXGroup;
			children = (
				E84FA31521FDB554006A6705 /* PerfectButton.swift */,
			);
			path = components;
			sourceTree = "<group>";
		};
		E86C8D40228EB6050090E9FD /* window */ = {
			isa = PBXGroup;
			children = (
				E86C8D41228EB6460090E9FD /* WindowCoordinator.swift */,
				E853AC8C2291EC7B00B86553 /* WindowRouter.swift */,
			);
			path = window;
			sourceTree = "<group>";
		};
		E88109ED229405DB0055B9B4 /* page */ = {
			isa = PBXGroup;
			children = (
				E88109EE229406020055B9B4 /* PageCoordinator.swift */,
				E88109F0229406120055B9B4 /* PageRouter.swift */,
			);
			path = page;
			sourceTree = "<group>";
		};
		E88109F422940A3B0055B9B4 /* page */ = {
			isa = PBXGroup;
			children = (
				E88109F522940A500055B9B4 /* PageViewController.swift */,
				E88109F722940A5B0055B9B4 /* PageView.swift */,
			);
			path = page;
			sourceTree = "<group>";
		};
		E8E7FA6A2279A2B900B62CA1 /* start */ = {
			isa = PBXGroup;
			children = (
				E8E7FA6B2279A2C700B62CA1 /* OptionsViewController.swift */,
				E8E7FA6D2279A32E00B62CA1 /* OptionsView.swift */,
			);
			path = start;
			sourceTree = "<group>";
		};
		E8E7FA6F2279A77100B62CA1 /* controller */ = {
			isa = PBXGroup;
			children = (
				E8E7FA702279A79B00B62CA1 /* ControllerInOutProtocol.swift */,
			);
			path = controller;
			sourceTree = "<group>";
		};
		E8E7FA722279C62B00B62CA1 /* singleButton */ = {
			isa = PBXGroup;
			children = (
				E8E7FA732279C64300B62CA1 /* ButtonsViewController.swift */,
				E8E7FA752279C65200B62CA1 /* ButtonsView.swift */,
			);
			path = singleButton;
			sourceTree = "<group>";
		};
		E8FA375F22808B1F0099BE76 /* sources */ = {
			isa = PBXGroup;
			children = (
				E8FA376222808B1F0099BE76 /* coords */,
				E8FA376622808B1F0099BE76 /* Coordinatorable.swift */,
				E8FA376122808B1F0099BE76 /* Presentable.swift */,
				E8FA376522808B1F0099BE76 /* Router.swift */,
				E853AC8E2291ED4500B86553 /* LirikaRootContaierType.swift */,
				E8FA376722808B1F0099BE76 /* Coordinator.swift */,
			);
			path = sources;
			sourceTree = SOURCE_ROOT;
		};
		E8FA376222808B1F0099BE76 /* coords */ = {
			isa = PBXGroup;
			children = (
				E80FF562229D847E0078E545 /* controller */,
				E88109ED229405DB0055B9B4 /* page */,
				E86C8D40228EB6050090E9FD /* window */,
				E8FA377222808C140099BE76 /* navigation */,
				E8FA376F22808BD30099BE76 /* tabbar */,
			);
			path = coords;
			sourceTree = "<group>";
		};
		E8FA376F22808BD30099BE76 /* tabbar */ = {
			isa = PBXGroup;
			children = (
				E8FA376322808B1F0099BE76 /* TabBarCoordinator.swift */,
				E8FA377022808BE60099BE76 /* TabBarRouter.swift */,
			);
			path = tabbar;
			sourceTree = "<group>";
		};
		E8FA377222808C140099BE76 /* navigation */ = {
			isa = PBXGroup;
			children = (
				E8FA376422808B1F0099BE76 /* NavigationCoordinator.swift */,
				E8FA377322808C370099BE76 /* NavigationRouter.swift */,
			);
			path = navigation;
			sourceTree = "<group>";
		};
/* End PBXGroup section */

/* Begin PBXNativeTarget section */
		E83698E721F094FF007D4A05 /* CoordinatorExperiment */ = {
			isa = PBXNativeTarget;
			buildConfigurationList = E836990521F09501007D4A05 /* Build configuration list for PBXNativeTarget "CoordinatorExperiment" */;
			buildPhases = (
				6F36D0C117C6CDE6A74C342F /* [CP] Check Pods Manifest.lock */,
				E83698E421F094FF007D4A05 /* Sources */,
				E83698E521F094FF007D4A05 /* Frameworks */,
				E83698E621F094FF007D4A05 /* Resources */,
				ECD3752CE07F3BCCBBF3EEDD /* [CP] Embed Pods Frameworks */,
			);
			buildRules = (
			);
			dependencies = (
			);
			name = CoordinatorExperiment;
			productName = CoordinatorExperiment;
			productReference = E83698E821F094FF007D4A05 /* CoordinatorExperiment.app */;
			productType = "com.apple.product-type.application";
		};
		E83698FB21F09501007D4A05 /* CoordinatorExperimentTests */ = {
			isa = PBXNativeTarget;
			buildConfigurationList = E836990821F09501007D4A05 /* Build configuration list for PBXNativeTarget "CoordinatorExperimentTests" */;
			buildPhases = (
				53CDB0CCDE214506DBD2EF80 /* [CP] Check Pods Manifest.lock */,
				E83698F821F09501007D4A05 /* Sources */,
				E83698F921F09501007D4A05 /* Frameworks */,
				E83698FA21F09501007D4A05 /* Resources */,
			);
			buildRules = (
			);
			dependencies = (
				E83698FE21F09501007D4A05 /* PBXTargetDependency */,
			);
			name = CoordinatorExperimentTests;
			productName = CoordinatorExperimentTests;
			productReference = E83698FC21F09501007D4A05 /* CoordinatorExperimentTests.xctest */;
			productType = "com.apple.product-type.bundle.unit-test";
		};
/* End PBXNativeTarget section */

/* Begin PBXProject section */
		E83698E021F094FF007D4A05 /* Project object */ = {
			isa = PBXProject;
			attributes = {
				LastSwiftUpdateCheck = 1010;
				LastUpgradeCheck = 1010;
				ORGANIZATIONNAME = "Lobanov Aleksey";
				TargetAttributes = {
					E83698E721F094FF007D4A05 = {
						CreatedOnToolsVersion = 10.1;
					};
					E83698FB21F09501007D4A05 = {
						CreatedOnToolsVersion = 10.1;
						TestTargetID = E83698E721F094FF007D4A05;
					};
				};
			};
			buildConfigurationList = E83698E321F094FF007D4A05 /* Build configuration list for PBXProject "CoordinatorExperiment" */;
			compatibilityVersion = "Xcode 9.3";
			developmentRegion = en;
			hasScannedForEncodings = 0;
			knownRegions = (
				en,
				Base,
			);
			mainGroup = E83698DF21F094FF007D4A05;
			productRefGroup = E83698E921F094FF007D4A05 /* Products */;
			projectDirPath = "";
			projectRoot = "";
			targets = (
				E83698E721F094FF007D4A05 /* CoordinatorExperiment */,
				E83698FB21F09501007D4A05 /* CoordinatorExperimentTests */,
			);
		};
/* End PBXProject section */

/* Begin PBXResourcesBuildPhase section */
		E83698E621F094FF007D4A05 /* Resources */ = {
			isa = PBXResourcesBuildPhase;
			buildActionMask = 2147483647;
			files = (
				E84FA31121FDAE61006A6705 /* PTSans.ttc in Resources */,
				E83698F621F09501007D4A05 /* LaunchScreen.storyboard in Resources */,
				E83698F321F09501007D4A05 /* Assets.xcassets in Resources */,
				E83698F121F094FF007D4A05 /* Main.storyboard in Resources */,
			);
			runOnlyForDeploymentPostprocessing = 0;
		};
		E83698FA21F09501007D4A05 /* Resources */ = {
			isa = PBXResourcesBuildPhase;
			buildActionMask = 2147483647;
			files = (
			);
			runOnlyForDeploymentPostprocessing = 0;
		};
/* End PBXResourcesBuildPhase section */

/* Begin PBXShellScriptBuildPhase section */
		53CDB0CCDE214506DBD2EF80 /* [CP] Check Pods Manifest.lock */ = {
			isa = PBXShellScriptBuildPhase;
			buildActionMask = 2147483647;
			files = (
			);
			inputFileListPaths = (
			);
			inputPaths = (
				"${PODS_PODFILE_DIR_PATH}/Podfile.lock",
				"${PODS_ROOT}/Manifest.lock",
			);
			name = "[CP] Check Pods Manifest.lock";
			outputFileListPaths = (
			);
			outputPaths = (
				"$(DERIVED_FILE_DIR)/Pods-CoordinatorExperimentTests-checkManifestLockResult.txt",
			);
			runOnlyForDeploymentPostprocessing = 0;
			shellPath = /bin/sh;
			shellScript = "diff \"${PODS_PODFILE_DIR_PATH}/Podfile.lock\" \"${PODS_ROOT}/Manifest.lock\" > /dev/null\nif [ $? != 0 ] ; then\n    # print error to STDERR\n    echo \"error: The sandbox is not in sync with the Podfile.lock. Run 'pod install' or update your CocoaPods installation.\" >&2\n    exit 1\nfi\n# This output is used by Xcode 'outputs' to avoid re-running this script phase.\necho \"SUCCESS\" > \"${SCRIPT_OUTPUT_FILE_0}\"\n";
			showEnvVarsInLog = 0;
		};
		6F36D0C117C6CDE6A74C342F /* [CP] Check Pods Manifest.lock */ = {
			isa = PBXShellScriptBuildPhase;
			buildActionMask = 2147483647;
			files = (
			);
			inputFileListPaths = (
			);
			inputPaths = (
				"${PODS_PODFILE_DIR_PATH}/Podfile.lock",
				"${PODS_ROOT}/Manifest.lock",
			);
			name = "[CP] Check Pods Manifest.lock";
			outputFileListPaths = (
			);
			outputPaths = (
				"$(DERIVED_FILE_DIR)/Pods-CoordinatorExperiment-checkManifestLockResult.txt",
			);
			runOnlyForDeploymentPostprocessing = 0;
			shellPath = /bin/sh;
			shellScript = "diff \"${PODS_PODFILE_DIR_PATH}/Podfile.lock\" \"${PODS_ROOT}/Manifest.lock\" > /dev/null\nif [ $? != 0 ] ; then\n    # print error to STDERR\n    echo \"error: The sandbox is not in sync with the Podfile.lock. Run 'pod install' or update your CocoaPods installation.\" >&2\n    exit 1\nfi\n# This output is used by Xcode 'outputs' to avoid re-running this script phase.\necho \"SUCCESS\" > \"${SCRIPT_OUTPUT_FILE_0}\"\n";
			showEnvVarsInLog = 0;
		};
		ECD3752CE07F3BCCBBF3EEDD /* [CP] Embed Pods Frameworks */ = {
			isa = PBXShellScriptBuildPhase;
			buildActionMask = 2147483647;
			files = (
			);
			inputFileListPaths = (
				"${PODS_ROOT}/Target Support Files/Pods-CoordinatorExperiment/Pods-CoordinatorExperiment-frameworks-${CONFIGURATION}-input-files.xcfilelist",
			);
			name = "[CP] Embed Pods Frameworks";
			outputFileListPaths = (
				"${PODS_ROOT}/Target Support Files/Pods-CoordinatorExperiment/Pods-CoordinatorExperiment-frameworks-${CONFIGURATION}-output-files.xcfilelist",
			);
			runOnlyForDeploymentPostprocessing = 0;
			shellPath = /bin/sh;
			shellScript = "\"${PODS_ROOT}/Target Support Files/Pods-CoordinatorExperiment/Pods-CoordinatorExperiment-frameworks.sh\"\n";
			showEnvVarsInLog = 0;
		};
/* End PBXShellScriptBuildPhase section */

/* Begin PBXSourcesBuildPhase section */
		E83698E421F094FF007D4A05 /* Sources */ = {
			isa = PBXSourcesBuildPhase;
			buildActionMask = 2147483647;
			files = (
				E8E7FA7D227AF63500B62CA1 /* NavModalFlowCoordinator.swift in Sources */,
				E88109F822940A5B0055B9B4 /* PageView.swift in Sources */,
				E8FA376922808B1F0099BE76 /* Presentable.swift in Sources */,
				E84FA31621FDB554006A6705 /* PerfectButton.swift in Sources */,
				E853AC912291F33500B86553 /* OptionFlowCoordinator.swift in Sources */,
				E84FA31321FDAE92006A6705 /* Theme.swift in Sources */,
				E8FA376A22808B1F0099BE76 /* TabBarCoordinator.swift in Sources */,
				E8FA376C22808B1F0099BE76 /* Router.swift in Sources */,
				E853AC8D2291EC7B00B86553 /* WindowRouter.swift in Sources */,
				E8E7FA742279C64300B62CA1 /* ButtonsViewController.swift in Sources */,
				E80FF566229D84990078E545 /* ControllerRouter.swift in Sources */,
				E853AC8F2291ED4500B86553 /* LirikaRootContaierType.swift in Sources */,
				E8FA377122808BE60099BE76 /* TabBarRouter.swift in Sources */,
				E836994F21F0E460007D4A05 /* RxViewModelPorotocol.swift in Sources */,
				E8FA376B22808B1F0099BE76 /* NavigationCoordinator.swift in Sources */,
				E88109F622940A500055B9B4 /* PageViewController.swift in Sources */,
				E8E7FA78227A2F0A00B62CA1 /* NavFlowCoordinator.swift in Sources */,
				E8E7FA6922799E2A00B62CA1 /* TabBarFlowCoordinator.swift in Sources */,
				E8FA376D22808B1F0099BE76 /* Coordinatorable.swift in Sources */,
				E88109EF229406020055B9B4 /* PageCoordinator.swift in Sources */,
				E86C8D42228EB6460090E9FD /* WindowCoordinator.swift in Sources */,
				E8E7FA7B227AE22200B62CA1 /* NavExitTabFlowCoordinator.swift in Sources */,
				E80FF568229D85DD0078E545 /* ControllerFlowCoordinator.swift in Sources */,
				E8E7FA6C2279A2C700B62CA1 /* OptionsViewController.swift in Sources */,
				E83698EC21F094FF007D4A05 /* AppDelegate.swift in Sources */,
				E836996121F0E571007D4A05 /* AppCoordinator.swift in Sources */,
				E8E7FA6E2279A32E00B62CA1 /* OptionsView.swift in Sources */,
				E88109F1229406120055B9B4 /* PageRouter.swift in Sources */,
				E8E7FA712279A79B00B62CA1 /* ControllerInOutProtocol.swift in Sources */,
				E8E7FA762279C65200B62CA1 /* ButtonsView.swift in Sources */,
				E88109F32294072E0055B9B4 /* PageFlowCoordinator.swift in Sources */,
				E8FA376E22808B1F0099BE76 /* Coordinator.swift in Sources */,
				E80FF564229D848D0078E545 /* ControllerCoordinator.swift in Sources */,
				E8FA377422808C370099BE76 /* NavigationRouter.swift in Sources */,
			);
			runOnlyForDeploymentPostprocessing = 0;
		};
		E83698F821F09501007D4A05 /* Sources */ = {
			isa = PBXSourcesBuildPhase;
			buildActionMask = 2147483647;
			files = (
				E836990121F09501007D4A05 /* CoordinatorExperimentTests.swift in Sources */,
			);
			runOnlyForDeploymentPostprocessing = 0;
		};
/* End PBXSourcesBuildPhase section */

/* Begin PBXTargetDependency section */
		E83698FE21F09501007D4A05 /* PBXTargetDependency */ = {
			isa = PBXTargetDependency;
			target = E83698E721F094FF007D4A05 /* CoordinatorExperiment */;
			targetProxy = E83698FD21F09501007D4A05 /* PBXContainerItemProxy */;
		};
/* End PBXTargetDependency section */

/* Begin PBXVariantGroup section */
		E83698EF21F094FF007D4A05 /* Main.storyboard */ = {
			isa = PBXVariantGroup;
			children = (
				E83698F021F094FF007D4A05 /* Base */,
			);
			name = Main.storyboard;
			sourceTree = "<group>";
		};
		E83698F421F09501007D4A05 /* LaunchScreen.storyboard */ = {
			isa = PBXVariantGroup;
			children = (
				E83698F521F09501007D4A05 /* Base */,
			);
			name = LaunchScreen.storyboard;
			sourceTree = "<group>";
		};
/* End PBXVariantGroup section */

/* Begin XCBuildConfiguration section */
		E836990321F09501007D4A05 /* Debug */ = {
			isa = XCBuildConfiguration;
			buildSettings = {
				ALWAYS_SEARCH_USER_PATHS = NO;
				CLANG_ANALYZER_NONNULL = YES;
				CLANG_ANALYZER_NUMBER_OBJECT_CONVERSION = YES_AGGRESSIVE;
				CLANG_CXX_LANGUAGE_STANDARD = "gnu++14";
				CLANG_CXX_LIBRARY = "libc++";
				CLANG_ENABLE_MODULES = YES;
				CLANG_ENABLE_OBJC_ARC = YES;
				CLANG_ENABLE_OBJC_WEAK = YES;
				CLANG_WARN_BLOCK_CAPTURE_AUTORELEASING = YES;
				CLANG_WARN_BOOL_CONVERSION = YES;
				CLANG_WARN_COMMA = YES;
				CLANG_WARN_CONSTANT_CONVERSION = YES;
				CLANG_WARN_DEPRECATED_OBJC_IMPLEMENTATIONS = YES;
				CLANG_WARN_DIRECT_OBJC_ISA_USAGE = YES_ERROR;
				CLANG_WARN_DOCUMENTATION_COMMENTS = YES;
				CLANG_WARN_EMPTY_BODY = YES;
				CLANG_WARN_ENUM_CONVERSION = YES;
				CLANG_WARN_INFINITE_RECURSION = YES;
				CLANG_WARN_INT_CONVERSION = YES;
				CLANG_WARN_NON_LITERAL_NULL_CONVERSION = YES;
				CLANG_WARN_OBJC_IMPLICIT_RETAIN_SELF = YES;
				CLANG_WARN_OBJC_LITERAL_CONVERSION = YES;
				CLANG_WARN_OBJC_ROOT_CLASS = YES_ERROR;
				CLANG_WARN_RANGE_LOOP_ANALYSIS = YES;
				CLANG_WARN_STRICT_PROTOTYPES = YES;
				CLANG_WARN_SUSPICIOUS_MOVE = YES;
				CLANG_WARN_UNGUARDED_AVAILABILITY = YES_AGGRESSIVE;
				CLANG_WARN_UNREACHABLE_CODE = YES;
				CLANG_WARN__DUPLICATE_METHOD_MATCH = YES;
				CODE_SIGN_IDENTITY = "iPhone Developer";
				COPY_PHASE_STRIP = NO;
				DEBUG_INFORMATION_FORMAT = dwarf;
				ENABLE_STRICT_OBJC_MSGSEND = YES;
				ENABLE_TESTABILITY = YES;
				GCC_C_LANGUAGE_STANDARD = gnu11;
				GCC_DYNAMIC_NO_PIC = NO;
				GCC_NO_COMMON_BLOCKS = YES;
				GCC_OPTIMIZATION_LEVEL = 0;
				GCC_PREPROCESSOR_DEFINITIONS = (
					"DEBUG=1",
					"$(inherited)",
				);
				GCC_WARN_64_TO_32_BIT_CONVERSION = YES;
				GCC_WARN_ABOUT_RETURN_TYPE = YES_ERROR;
				GCC_WARN_UNDECLARED_SELECTOR = YES;
				GCC_WARN_UNINITIALIZED_AUTOS = YES_AGGRESSIVE;
				GCC_WARN_UNUSED_FUNCTION = YES;
				GCC_WARN_UNUSED_VARIABLE = YES;
				IPHONEOS_DEPLOYMENT_TARGET = 12.1;
				MTL_ENABLE_DEBUG_INFO = INCLUDE_SOURCE;
				MTL_FAST_MATH = YES;
				ONLY_ACTIVE_ARCH = YES;
				SDKROOT = iphoneos;
				SWIFT_ACTIVE_COMPILATION_CONDITIONS = DEBUG;
				SWIFT_OPTIMIZATION_LEVEL = "-Onone";
			};
			name = Debug;
		};
		E836990421F09501007D4A05 /* Release */ = {
			isa = XCBuildConfiguration;
			buildSettings = {
				ALWAYS_SEARCH_USER_PATHS = NO;
				CLANG_ANALYZER_NONNULL = YES;
				CLANG_ANALYZER_NUMBER_OBJECT_CONVERSION = YES_AGGRESSIVE;
				CLANG_CXX_LANGUAGE_STANDARD = "gnu++14";
				CLANG_CXX_LIBRARY = "libc++";
				CLANG_ENABLE_MODULES = YES;
				CLANG_ENABLE_OBJC_ARC = YES;
				CLANG_ENABLE_OBJC_WEAK = YES;
				CLANG_WARN_BLOCK_CAPTURE_AUTORELEASING = YES;
				CLANG_WARN_BOOL_CONVERSION = YES;
				CLANG_WARN_COMMA = YES;
				CLANG_WARN_CONSTANT_CONVERSION = YES;
				CLANG_WARN_DEPRECATED_OBJC_IMPLEMENTATIONS = YES;
				CLANG_WARN_DIRECT_OBJC_ISA_USAGE = YES_ERROR;
				CLANG_WARN_DOCUMENTATION_COMMENTS = YES;
				CLANG_WARN_EMPTY_BODY = YES;
				CLANG_WARN_ENUM_CONVERSION = YES;
				CLANG_WARN_INFINITE_RECURSION = YES;
				CLANG_WARN_INT_CONVERSION = YES;
				CLANG_WARN_NON_LITERAL_NULL_CONVERSION = YES;
				CLANG_WARN_OBJC_IMPLICIT_RETAIN_SELF = YES;
				CLANG_WARN_OBJC_LITERAL_CONVERSION = YES;
				CLANG_WARN_OBJC_ROOT_CLASS = YES_ERROR;
				CLANG_WARN_RANGE_LOOP_ANALYSIS = YES;
				CLANG_WARN_STRICT_PROTOTYPES = YES;
				CLANG_WARN_SUSPICIOUS_MOVE = YES;
				CLANG_WARN_UNGUARDED_AVAILABILITY = YES_AGGRESSIVE;
				CLANG_WARN_UNREACHABLE_CODE = YES;
				CLANG_WARN__DUPLICATE_METHOD_MATCH = YES;
				CODE_SIGN_IDENTITY = "iPhone Developer";
				COPY_PHASE_STRIP = NO;
				DEBUG_INFORMATION_FORMAT = "dwarf-with-dsym";
				ENABLE_NS_ASSERTIONS = NO;
				ENABLE_STRICT_OBJC_MSGSEND = YES;
				GCC_C_LANGUAGE_STANDARD = gnu11;
				GCC_NO_COMMON_BLOCKS = YES;
				GCC_WARN_64_TO_32_BIT_CONVERSION = YES;
				GCC_WARN_ABOUT_RETURN_TYPE = YES_ERROR;
				GCC_WARN_UNDECLARED_SELECTOR = YES;
				GCC_WARN_UNINITIALIZED_AUTOS = YES_AGGRESSIVE;
				GCC_WARN_UNUSED_FUNCTION = YES;
				GCC_WARN_UNUSED_VARIABLE = YES;
				IPHONEOS_DEPLOYMENT_TARGET = 12.1;
				MTL_ENABLE_DEBUG_INFO = NO;
				MTL_FAST_MATH = YES;
				SDKROOT = iphoneos;
				SWIFT_COMPILATION_MODE = wholemodule;
				SWIFT_OPTIMIZATION_LEVEL = "-O";
				VALIDATE_PRODUCT = YES;
			};
			name = Release;
		};
		E836990621F09501007D4A05 /* Debug */ = {
			isa = XCBuildConfiguration;
			baseConfigurationReference = FA046313C6C589AD4D7303DE /* Pods-CoordinatorExperiment.debug.xcconfig */;
			buildSettings = {
				ASSETCATALOG_COMPILER_APPICON_NAME = AppIcon;
				CODE_SIGN_STYLE = Automatic;
				DEVELOPMENT_TEAM = D9W2XCDBH5;
				INFOPLIST_FILE = CoordinatorExperiment/Info.plist;
				LD_RUNPATH_SEARCH_PATHS = (
					"$(inherited)",
					"@executable_path/Frameworks",
				);
				PRODUCT_BUNDLE_IDENTIFIER = "ru.lobanov-av.CoordinatorExperiment";
				PRODUCT_NAME = "$(TARGET_NAME)";
				SWIFT_VERSION = 5.0;
				TARGETED_DEVICE_FAMILY = "1,2";
			};
			name = Debug;
		};
		E836990721F09501007D4A05 /* Release */ = {
			isa = XCBuildConfiguration;
			baseConfigurationReference = 7F4782332F46E8C7F5FA47E4 /* Pods-CoordinatorExperiment.release.xcconfig */;
			buildSettings = {
				ASSETCATALOG_COMPILER_APPICON_NAME = AppIcon;
				CODE_SIGN_STYLE = Automatic;
				DEVELOPMENT_TEAM = D9W2XCDBH5;
				INFOPLIST_FILE = CoordinatorExperiment/Info.plist;
				LD_RUNPATH_SEARCH_PATHS = (
					"$(inherited)",
					"@executable_path/Frameworks",
				);
				PRODUCT_BUNDLE_IDENTIFIER = "ru.lobanov-av.CoordinatorExperiment";
				PRODUCT_NAME = "$(TARGET_NAME)";
				SWIFT_VERSION = 5.0;
				TARGETED_DEVICE_FAMILY = "1,2";
			};
			name = Release;
		};
		E836990921F09501007D4A05 /* Debug */ = {
			isa = XCBuildConfiguration;
			baseConfigurationReference = 82B861FD670301A7538C248A /* Pods-CoordinatorExperimentTests.debug.xcconfig */;
			buildSettings = {
				ALWAYS_EMBED_SWIFT_STANDARD_LIBRARIES = YES;
				BUNDLE_LOADER = "$(TEST_HOST)";
				CODE_SIGN_STYLE = Automatic;
				DEVELOPMENT_TEAM = D9W2XCDBH5;
				INFOPLIST_FILE = CoordinatorExperimentTests/Info.plist;
				LD_RUNPATH_SEARCH_PATHS = (
					"$(inherited)",
					"@executable_path/Frameworks",
					"@loader_path/Frameworks",
				);
				PRODUCT_BUNDLE_IDENTIFIER = "ru.lobanov-av.CoordinatorExperimentTests";
				PRODUCT_NAME = "$(TARGET_NAME)";
				SWIFT_VERSION = 4.2;
				TARGETED_DEVICE_FAMILY = "1,2";
				TEST_HOST = "$(BUILT_PRODUCTS_DIR)/CoordinatorExperiment.app/CoordinatorExperiment";
			};
			name = Debug;
		};
		E836990A21F09501007D4A05 /* Release */ = {
			isa = XCBuildConfiguration;
			baseConfigurationReference = BA3D913C7C17CDA0AA85F202 /* Pods-CoordinatorExperimentTests.release.xcconfig */;
			buildSettings = {
				ALWAYS_EMBED_SWIFT_STANDARD_LIBRARIES = YES;
				BUNDLE_LOADER = "$(TEST_HOST)";
				CODE_SIGN_STYLE = Automatic;
				DEVELOPMENT_TEAM = D9W2XCDBH5;
				INFOPLIST_FILE = CoordinatorExperimentTests/Info.plist;
				LD_RUNPATH_SEARCH_PATHS = (
					"$(inherited)",
					"@executable_path/Frameworks",
					"@loader_path/Frameworks",
				);
				PRODUCT_BUNDLE_IDENTIFIER = "ru.lobanov-av.CoordinatorExperimentTests";
				PRODUCT_NAME = "$(TARGET_NAME)";
				SWIFT_VERSION = 4.2;
				TARGETED_DEVICE_FAMILY = "1,2";
				TEST_HOST = "$(BUILT_PRODUCTS_DIR)/CoordinatorExperiment.app/CoordinatorExperiment";
			};
			name = Release;
		};
/* End XCBuildConfiguration section */

/* Begin XCConfigurationList section */
		E83698E321F094FF007D4A05 /* Build configuration list for PBXProject "CoordinatorExperiment" */ = {
			isa = XCConfigurationList;
			buildConfigurations = (
				E836990321F09501007D4A05 /* Debug */,
				E836990421F09501007D4A05 /* Release */,
			);
			defaultConfigurationIsVisible = 0;
			defaultConfigurationName = Release;
		};
		E836990521F09501007D4A05 /* Build configuration list for PBXNativeTarget "CoordinatorExperiment" */ = {
			isa = XCConfigurationList;
			buildConfigurations = (
				E836990621F09501007D4A05 /* Debug */,
				E836990721F09501007D4A05 /* Release */,
			);
			defaultConfigurationIsVisible = 0;
			defaultConfigurationName = Release;
		};
		E836990821F09501007D4A05 /* Build configuration list for PBXNativeTarget "CoordinatorExperimentTests" */ = {
			isa = XCConfigurationList;
			buildConfigurations = (
				E836990921F09501007D4A05 /* Debug */,
				E836990A21F09501007D4A05 /* Release */,
			);
			defaultConfigurationIsVisible = 0;
			defaultConfigurationName = Release;
		};
/* End XCConfigurationList section */
	};
	rootObject = E83698E021F094FF007D4A05 /* Project object */;
}
